PODS:
  - Alamofire (5.2.1)
  - Cosmos (22.1.0)
  - MBProgressHUD (1.2.0)
  - Moya (14.0.0):
    - Moya/Core (= 14.0.0)
  - Moya/Core (14.0.0):
    - Alamofire (~> 5.0)
  - Nuke (9.1.2)
  - SwiftLint (0.40.3)

DEPENDENCIES:
  - Cosmos
  - MBProgressHUD
  - Moya
  - Nuke
  - SwiftLint

SPEC REPOS:
  trunk:
    - Alamofire
    - Cosmos
    - MBProgressHUD
    - Moya
    - Nuke
    - SwiftLint

SPEC CHECKSUMS:
  Alamofire: e911732990610fe89af59ac0077f923d72dc3dfd
  Cosmos: 2795b36ad4bbea1af3050d6d65576ed63875f86a
  MBProgressHUD: 3ee5efcc380f6a79a7cc9b363dd669c5e1ae7406
  Moya: 5b45dacb75adb009f97fde91c204c1e565d31916
  Nuke: dd2e6be6a34c042a7861e190632781d11f253026
  SwiftLint: dfd554ff0dff17288ee574814ccdd5cea85d76f7

PODFILE CHECKSUM: d768067c78c7fbb3c4d7cecba1adaa99a8416dab

COCOAPODS: 1.9.3
